
Microsoft Visual Studio Solution File, Format Version 12.00
# Visual Studio 15
VisualStudioVersion = 15.0.27703.2035
MinimumVisualStudioVersion = 10.0.40219.1
Project("{FAE04EC0-301F-11D3-BF4B-00C04F79EFBC}") = "QC15-TV-Serial", "QC15-TV-Serial.csproj", "{DD3103DA-D78F-48CE-83E9-12D865417179}"
EndProject
Global
	GlobalSection(SolutionConfigurationPlatforms) = preSolution
		Debug Serial|Any CPU = Debug Serial|Any CPU
		Debug|Any CPU = Debug|Any CPU
		Release|Any CPU = Release|Any CPU
	EndGlobalSection
	GlobalSection(ProjectConfigurationPlatforms) = postSolution
		{DD3103DA-D78F-48CE-83E9-12D865417179}.Debug Serial|Any CPU.ActiveCfg = Release|Any CPU
		{DD3103DA-D78F-48CE-83E9-12D865417179}.Debug Serial|Any CPU.Build.0 = Release|Any CPU
		{DD3103DA-D78F-48CE-83E9-12D865417179}.Debug|Any CPU.ActiveCfg = Debug|Any CPU
		{DD3103DA-D78F-48CE-83E9-12D865417179}.Debug|Any CPU.Build.0 = Debug|Any CPU
		{DD3103DA-D78F-48CE-83E9-12D865417179}.Release|Any CPU.ActiveCfg = Release|Any CPU
		{DD3103DA-D78F-48CE-83E9-12D865417179}.Release|Any CPU.Build.0 = Release|Any CPU
	EndGlobalSection
	GlobalSection(SolutionProperties) = preSolution
		HideSolutionNode = FALSE
	EndGlobalSection
	GlobalSection(ExtensibilityGlobals) = postSolution
		SolutionGuid = {5079CB9B-09A0-436F-A12C-D330C2316CC4}
	EndGlobalSection
EndGlobal
